
Microsoft Visual Studio Solution File, Format Version 12.00
# Visual Studio Version 16
VisualStudioVersion = 16.0.30114.105
MinimumVisualStudioVersion = 10.0.40219.1
Project("{FAE04EC0-301F-11D3-BF4B-00C04F79EFBC}") = "API.Cosmere", "src\API.Cosmere.csproj", "{AE2FF370-4B9F-42FB-B8FC-EC6E41D51B34}"
EndProject
Project("{FAE04EC0-301F-11D3-BF4B-00C04F79EFBC}") = "API.Cosmere.Tests", "tests\API.Cosmere.Tests.csproj", "{1250BB5B-2E5F-4B2D-90E9-3BFBAB8F5C27}"
EndProject
Global
	GlobalSection(SolutionConfigurationPlatforms) = preSolution
		Debug|Any CPU = Debug|Any CPU
		Release|Any CPU = Release|Any CPU
	EndGlobalSection
	GlobalSection(SolutionProperties) = preSolution
		HideSolutionNode = FALSE
	EndGlobalSection
	GlobalSection(ProjectConfigurationPlatforms) = postSolution
		{AE2FF370-4B9F-42FB-B8FC-EC6E41D51B34}.Debug|Any CPU.ActiveCfg = Debug|Any CPU
		{AE2FF370-4B9F-42FB-B8FC-EC6E41D51B34}.Debug|Any CPU.Build.0 = Debug|Any CPU
		{AE2FF370-4B9F-42FB-B8FC-EC6E41D51B34}.Release|Any CPU.ActiveCfg = Release|Any CPU
		{AE2FF370-4B9F-42FB-B8FC-EC6E41D51B34}.Release|Any CPU.Build.0 = Release|Any CPU
		{1250BB5B-2E5F-4B2D-90E9-3BFBAB8F5C27}.Debug|Any CPU.ActiveCfg = Debug|Any CPU
		{1250BB5B-2E5F-4B2D-90E9-3BFBAB8F5C27}.Debug|Any CPU.Build.0 = Debug|Any CPU
		{1250BB5B-2E5F-4B2D-90E9-3BFBAB8F5C27}.Release|Any CPU.ActiveCfg = Release|Any CPU
		{1250BB5B-2E5F-4B2D-90E9-3BFBAB8F5C27}.Release|Any CPU.Build.0 = Release|Any CPU
	EndGlobalSection
EndGlobal
